
Microsoft Visual Studio Solution File, Format Version 12.00
# Visual Studio Version 16
VisualStudioVersion = 16.0.32413.511
MinimumVisualStudioVersion = 10.0.40219.1
Project("{9A19103F-16F7-4668-BE54-9A1E7A4F7556}") = "lab3", "lab3\lab3.csproj", "{08861D0F-52B7-4680-A3A9-ACD982F739C6}"
EndProject
Project("{9A19103F-16F7-4668-BE54-9A1E7A4F7556}") = "MinFunTest", "MinFunTest\MinFunTest.csproj", "{D9F0B89B-1CC2-4EE0-93CE-6C5FEBFFFA74}"
EndProject
Project("{FAE04EC0-301F-11D3-BF4B-00C04F79EFBC}") = "Charts", "Charts\Charts.csproj", "{B7F46B7E-7B3B-4BBE-9200-9A403ABACF92}"
EndProject
Global
	GlobalSection(SolutionConfigurationPlatforms) = preSolution
		Debug|Any CPU = Debug|Any CPU
		Release|Any CPU = Release|Any CPU
	EndGlobalSection
	GlobalSection(ProjectConfigurationPlatforms) = postSolution
		{08861D0F-52B7-4680-A3A9-ACD982F739C6}.Debug|Any CPU.ActiveCfg = Debug|Any CPU
		{08861D0F-52B7-4680-A3A9-ACD982F739C6}.Debug|Any CPU.Build.0 = Debug|Any CPU
		{08861D0F-52B7-4680-A3A9-ACD982F739C6}.Release|Any CPU.ActiveCfg = Release|Any CPU
		{08861D0F-52B7-4680-A3A9-ACD982F739C6}.Release|Any CPU.Build.0 = Release|Any CPU
		{D9F0B89B-1CC2-4EE0-93CE-6C5FEBFFFA74}.Debug|Any CPU.ActiveCfg = Debug|Any CPU
		{D9F0B89B-1CC2-4EE0-93CE-6C5FEBFFFA74}.Debug|Any CPU.Build.0 = Debug|Any CPU
		{D9F0B89B-1CC2-4EE0-93CE-6C5FEBFFFA74}.Release|Any CPU.ActiveCfg = Release|Any CPU
		{D9F0B89B-1CC2-4EE0-93CE-6C5FEBFFFA74}.Release|Any CPU.Build.0 = Release|Any CPU
		{B7F46B7E-7B3B-4BBE-9200-9A403ABACF92}.Debug|Any CPU.ActiveCfg = Debug|Any CPU
		{B7F46B7E-7B3B-4BBE-9200-9A403ABACF92}.Debug|Any CPU.Build.0 = Debug|Any CPU
		{B7F46B7E-7B3B-4BBE-9200-9A403ABACF92}.Release|Any CPU.ActiveCfg = Release|Any CPU
		{B7F46B7E-7B3B-4BBE-9200-9A403ABACF92}.Release|Any CPU.Build.0 = Release|Any CPU
	EndGlobalSection
	GlobalSection(SolutionProperties) = preSolution
		HideSolutionNode = FALSE
	EndGlobalSection
	GlobalSection(ExtensibilityGlobals) = postSolution
		SolutionGuid = {715824F9-BD94-4198-9ECF-E29938552025}
	EndGlobalSection
EndGlobal
